
Microsoft Visual Studio Solution File, Format Version 12.00
# Visual Studio Version 17
VisualStudioVersion = 17.6.33815.320
MinimumVisualStudioVersion = 10.0.40219.1
Project("{FAE04EC0-301F-11D3-BF4B-00C04F79EFBC}") = "ProductInventorySystem", "ProductInventorySystem\ProductInventorySystem.csproj", "{96D4661F-4D16-4D94-BA6A-A8C3F5FF1293}"
EndProject
Global
	GlobalSection(SolutionConfigurationPlatforms) = preSolution
		Debug|Any CPU = Debug|Any CPU
		Release|Any CPU = Release|Any CPU
	EndGlobalSection
	GlobalSection(ProjectConfigurationPlatforms) = postSolution
		{96D4661F-4D16-4D94-BA6A-A8C3F5FF1293}.Debug|Any CPU.ActiveCfg = Debug|Any CPU
		{96D4661F-4D16-4D94-BA6A-A8C3F5FF1293}.Debug|Any CPU.Build.0 = Debug|Any CPU
		{96D4661F-4D16-4D94-BA6A-A8C3F5FF1293}.Release|Any CPU.ActiveCfg = Release|Any CPU
		{96D4661F-4D16-4D94-BA6A-A8C3F5FF1293}.Release|Any CPU.Build.0 = Release|Any CPU
	EndGlobalSection
	GlobalSection(SolutionProperties) = preSolution
		HideSolutionNode = FALSE
	EndGlobalSection
	GlobalSection(ExtensibilityGlobals) = postSolution
		SolutionGuid = {AFF03A18-F189-4955-AB42-813DADD78426}
	EndGlobalSection
EndGlobal
